// !$*UTF8*$!
{
	archiveVersion = 1;
	classes = {
	};
	objectVersion = 56;
	objects = {

/* Begin PBXBuildFile section */
		E84613F92AAF35A30010E611 /* weather_appApp.swift in Sources */ = {isa = PBXBuildFile; fileRef = E84613F82AAF35A30010E611 /* weather_appApp.swift */; };
		E84613FB2AAF35A30010E611 /* ContentView.swift in Sources */ = {isa = PBXBuildFile; fileRef = E84613FA2AAF35A30010E611 /* ContentView.swift */; };
		E84613FD2AAF35A40010E611 /* Assets.xcassets in Resources */ = {isa = PBXBuildFile; fileRef = E84613FC2AAF35A40010E611 /* Assets.xcassets */; };
		E84614002AAF35A40010E611 /* Preview Assets.xcassets in Resources */ = {isa = PBXBuildFile; fileRef = E84613FF2AAF35A40010E611 /* Preview Assets.xcassets */; };
		E846140A2AAF35A40010E611 /* weather_appTests.swift in Sources */ = {isa = PBXBuildFile; fileRef = E84614092AAF35A40010E611 /* weather_appTests.swift */; };
		E84614142AAF35A40010E611 /* weather_appUITests.swift in Sources */ = {isa = PBXBuildFile; fileRef = E84614132AAF35A40010E611 /* weather_appUITests.swift */; };
		E84614162AAF35A40010E611 /* weather_appUITestsLaunchTests.swift in Sources */ = {isa = PBXBuildFile; fileRef = E84614152AAF35A40010E611 /* weather_appUITestsLaunchTests.swift */; };
		E846142B2AAF36690010E611 /* Extensions.swift in Sources */ = {isa = PBXBuildFile; fileRef = E846142A2AAF36690010E611 /* Extensions.swift */; };
		E846142D2AAF37490010E611 /* HomeView.swift in Sources */ = {isa = PBXBuildFile; fileRef = E846142C2AAF37490010E611 /* HomeView.swift */; };
		E84614302AAFC1F70010E611 /* TabBar.swift in Sources */ = {isa = PBXBuildFile; fileRef = E846142F2AAFC1F70010E611 /* TabBar.swift */; };
		E8D40C432AB08AEC00E9BFA2 /* Shapes.swift in Sources */ = {isa = PBXBuildFile; fileRef = E8D40C422AB08AEC00E9BFA2 /* Shapes.swift */; };
		E8D40C492AB1D96600E9BFA2 /* BottomSheet in Frameworks */ = {isa = PBXBuildFile; productRef = E8D40C482AB1D96600E9BFA2 /* BottomSheet */; };
		E8D40C4C2AB2535900E9BFA2 /* ForcastView.swift in Sources */ = {isa = PBXBuildFile; fileRef = E8D40C4B2AB2535900E9BFA2 /* ForcastView.swift */; };
		E8D40C4E2AB257C900E9BFA2 /* Blur.swift in Sources */ = {isa = PBXBuildFile; fileRef = E8D40C4D2AB257C900E9BFA2 /* Blur.swift */; };
		E8D40C502AB284C000E9BFA2 /* SegmentedControl.swift in Sources */ = {isa = PBXBuildFile; fileRef = E8D40C4F2AB284C000E9BFA2 /* SegmentedControl.swift */; };
/* End PBXBuildFile section */

/* Begin PBXContainerItemProxy section */
		E84614062AAF35A40010E611 /* PBXContainerItemProxy */ = {
			isa = PBXContainerItemProxy;
			containerPortal = E84613ED2AAF35A30010E611 /* Project object */;
			proxyType = 1;
			remoteGlobalIDString = E84613F42AAF35A30010E611;
			remoteInfo = weather_app;
		};
		E84614102AAF35A40010E611 /* PBXContainerItemProxy */ = {
			isa = PBXContainerItemProxy;
			containerPortal = E84613ED2AAF35A30010E611 /* Project object */;
			proxyType = 1;
			remoteGlobalIDString = E84613F42AAF35A30010E611;
			remoteInfo = weather_app;
		};
/* End PBXContainerItemProxy section */

/* Begin PBXFileReference section */
		E84613F52AAF35A30010E611 /* weather_app.app */ = {isa = PBXFileReference; explicitFileType = wrapper.application; includeInIndex = 0; path = weather_app.app; sourceTree = BUILT_PRODUCTS_DIR; };
		E84613F82AAF35A30010E611 /* weather_appApp.swift */ = {isa = PBXFileReference; lastKnownFileType = sourcecode.swift; path = weather_appApp.swift; sourceTree = "<group>"; };
		E84613FA2AAF35A30010E611 /* ContentView.swift */ = {isa = PBXFileReference; lastKnownFileType = sourcecode.swift; path = ContentView.swift; sourceTree = "<group>"; };
		E84613FC2AAF35A40010E611 /* Assets.xcassets */ = {isa = PBXFileReference; lastKnownFileType = folder.assetcatalog; path = Assets.xcassets; sourceTree = "<group>"; };
		E84613FF2AAF35A40010E611 /* Preview Assets.xcassets */ = {isa = PBXFileReference; lastKnownFileType = folder.assetcatalog; path = "Preview Assets.xcassets"; sourceTree = "<group>"; };
		E84614052AAF35A40010E611 /* weather_appTests.xctest */ = {isa = PBXFileReference; explicitFileType = wrapper.cfbundle; includeInIndex = 0; path = weather_appTests.xctest; sourceTree = BUILT_PRODUCTS_DIR; };
		E84614092AAF35A40010E611 /* weather_appTests.swift */ = {isa = PBXFileReference; lastKnownFileType = sourcecode.swift; path = weather_appTests.swift; sourceTree = "<group>"; };
		E846140F2AAF35A40010E611 /* weather_appUITests.xctest */ = {isa = PBXFileReference; explicitFileType = wrapper.cfbundle; includeInIndex = 0; path = weather_appUITests.xctest; sourceTree = BUILT_PRODUCTS_DIR; };
		E84614132AAF35A40010E611 /* weather_appUITests.swift */ = {isa = PBXFileReference; lastKnownFileType = sourcecode.swift; path = weather_appUITests.swift; sourceTree = "<group>"; };
		E84614152AAF35A40010E611 /* weather_appUITestsLaunchTests.swift */ = {isa = PBXFileReference; lastKnownFileType = sourcecode.swift; path = weather_appUITestsLaunchTests.swift; sourceTree = "<group>"; };
		E846142A2AAF36690010E611 /* Extensions.swift */ = {isa = PBXFileReference; fileEncoding = 4; lastKnownFileType = sourcecode.swift; path = Extensions.swift; sourceTree = "<group>"; };
		E846142C2AAF37490010E611 /* HomeView.swift */ = {isa = PBXFileReference; lastKnownFileType = sourcecode.swift; path = HomeView.swift; sourceTree = "<group>"; };
		E846142F2AAFC1F70010E611 /* TabBar.swift */ = {isa = PBXFileReference; lastKnownFileType = sourcecode.swift; path = TabBar.swift; sourceTree = "<group>"; };
		E8D40C422AB08AEC00E9BFA2 /* Shapes.swift */ = {isa = PBXFileReference; fileEncoding = 4; lastKnownFileType = sourcecode.swift; path = Shapes.swift; sourceTree = "<group>"; };
		E8D40C4B2AB2535900E9BFA2 /* ForcastView.swift */ = {isa = PBXFileReference; lastKnownFileType = sourcecode.swift; path = ForcastView.swift; sourceTree = "<group>"; };
		E8D40C4D2AB257C900E9BFA2 /* Blur.swift */ = {isa = PBXFileReference; lastKnownFileType = sourcecode.swift; path = Blur.swift; sourceTree = "<group>"; };
		E8D40C4F2AB284C000E9BFA2 /* SegmentedControl.swift */ = {isa = PBXFileReference; lastKnownFileType = sourcecode.swift; path = SegmentedControl.swift; sourceTree = "<group>"; };
/* End PBXFileReference section */

/* Begin PBXFrameworksBuildPhase section */
		E84613F22AAF35A30010E611 /* Frameworks */ = {
			isa = PBXFrameworksBuildPhase;
			buildActionMask = 2147483647;
			files = (
				E8D40C492AB1D96600E9BFA2 /* BottomSheet in Frameworks */,
			);
			runOnlyForDeploymentPostprocessing = 0;
		};
		E84614022AAF35A40010E611 /* Frameworks */ = {
			isa = PBXFrameworksBuildPhase;
			buildActionMask = 2147483647;
			files = (
			);
			runOnlyForDeploymentPostprocessing = 0;
		};
		E846140C2AAF35A40010E611 /* Frameworks */ = {
			isa = PBXFrameworksBuildPhase;
			buildActionMask = 2147483647;
			files = (
			);
			runOnlyForDeploymentPostprocessing = 0;
		};
/* End PBXFrameworksBuildPhase section */

/* Begin PBXGroup section */
		E84613EC2AAF35A30010E611 = {
			isa = PBXGroup;
			children = (
				E84613F72AAF35A30010E611 /* weather_app */,
				E84614082AAF35A40010E611 /* weather_appTests */,
				E84614122AAF35A40010E611 /* weather_appUITests */,
				E84613F62AAF35A30010E611 /* Products */,
			);
			sourceTree = "<group>";
		};
		E84613F62AAF35A30010E611 /* Products */ = {
			isa = PBXGroup;
			children = (
				E84613F52AAF35A30010E611 /* weather_app.app */,
				E84614052AAF35A40010E611 /* weather_appTests.xctest */,
				E846140F2AAF35A40010E611 /* weather_appUITests.xctest */,
			);
			name = Products;
			sourceTree = "<group>";
		};
		E84613F72AAF35A30010E611 /* weather_app */ = {
			isa = PBXGroup;
			children = (
				E84613F82AAF35A30010E611 /* weather_appApp.swift */,
				E84614242AAF35DA0010E611 /* view */,
				E84614262AAF35EF0010E611 /* models */,
				E84614252AAF35E50010E611 /* utils */,
				E84613FC2AAF35A40010E611 /* Assets.xcassets */,
				E84613FE2AAF35A40010E611 /* Preview Content */,
			);
			path = weather_app;
			sourceTree = "<group>";
		};
		E84613FE2AAF35A40010E611 /* Preview Content */ = {
			isa = PBXGroup;
			children = (
				E84613FF2AAF35A40010E611 /* Preview Assets.xcassets */,
			);
			path = "Preview Content";
			sourceTree = "<group>";
		};
		E84614082AAF35A40010E611 /* weather_appTests */ = {
			isa = PBXGroup;
			children = (
				E84614092AAF35A40010E611 /* weather_appTests.swift */,
			);
			path = weather_appTests;
			sourceTree = "<group>";
		};
		E84614122AAF35A40010E611 /* weather_appUITests */ = {
			isa = PBXGroup;
			children = (
				E84614132AAF35A40010E611 /* weather_appUITests.swift */,
				E84614152AAF35A40010E611 /* weather_appUITestsLaunchTests.swift */,
			);
			path = weather_appUITests;
			sourceTree = "<group>";
		};
		E84614242AAF35DA0010E611 /* view */ = {
			isa = PBXGroup;
			children = (
				E846142E2AAFC1E50010E611 /* navigation */,
				E84614272AAF35FA0010E611 /* main */,
				E84614292AAF360F0010E611 /* components */,
				E84614282AAF36060010E611 /* detail */,
			);
			path = view;
			sourceTree = "<group>";
		};
		E84614252AAF35E50010E611 /* utils */ = {
			isa = PBXGroup;
			children = (
				E8D40C422AB08AEC00E9BFA2 /* Shapes.swift */,
				E846142A2AAF36690010E611 /* Extensions.swift */,
			);
			path = utils;
			sourceTree = "<group>";
		};
		E84614262AAF35EF0010E611 /* models */ = {
			isa = PBXGroup;
			children = (
			);
			path = models;
			sourceTree = "<group>";
		};
		E84614272AAF35FA0010E611 /* main */ = {
			isa = PBXGroup;
			children = (
				E84613FA2AAF35A30010E611 /* ContentView.swift */,
				E846142C2AAF37490010E611 /* HomeView.swift */,
			);
			path = main;
			sourceTree = "<group>";
		};
		E84614282AAF36060010E611 /* detail */ = {
			isa = PBXGroup;
			children = (
				E8D40C4B2AB2535900E9BFA2 /* ForcastView.swift */,
			);
			path = detail;
			sourceTree = "<group>";
		};
		E84614292AAF360F0010E611 /* components */ = {
			isa = PBXGroup;
			children = (
				E8D40C4D2AB257C900E9BFA2 /* Blur.swift */,
				E8D40C4F2AB284C000E9BFA2 /* SegmentedControl.swift */,
			);
			path = components;
			sourceTree = "<group>";
		};
		E846142E2AAFC1E50010E611 /* navigation */ = {
			isa = PBXGroup;
			children = (
				E846142F2AAFC1F70010E611 /* TabBar.swift */,
			);
			path = navigation;
			sourceTree = "<group>";
		};
/* End PBXGroup section */

/* Begin PBXNativeTarget section */
		E84613F42AAF35A30010E611 /* weather_app */ = {
			isa = PBXNativeTarget;
			buildConfigurationList = E84614192AAF35A40010E611 /* Build configuration list for PBXNativeTarget "weather_app" */;
			buildPhases = (
				E84613F12AAF35A30010E611 /* Sources */,
				E84613F22AAF35A30010E611 /* Frameworks */,
				E84613F32AAF35A30010E611 /* Resources */,
			);
			buildRules = (
			);
			dependencies = (
			);
			name = weather_app;
			packageProductDependencies = (
				E8D40C482AB1D96600E9BFA2 /* BottomSheet */,
			);
			productName = weather_app;
			productReference = E84613F52AAF35A30010E611 /* weather_app.app */;
			productType = "com.apple.product-type.application";
		};
		E84614042AAF35A40010E611 /* weather_appTests */ = {
			isa = PBXNativeTarget;
			buildConfigurationList = E846141C2AAF35A40010E611 /* Build configuration list for PBXNativeTarget "weather_appTests" */;
			buildPhases = (
				E84614012AAF35A40010E611 /* Sources */,
				E84614022AAF35A40010E611 /* Frameworks */,
				E84614032AAF35A40010E611 /* Resources */,
			);
			buildRules = (
			);
			dependencies = (
				E84614072AAF35A40010E611 /* PBXTargetDependency */,
			);
			name = weather_appTests;
			productName = weather_appTests;
			productReference = E84614052AAF35A40010E611 /* weather_appTests.xctest */;
			productType = "com.apple.product-type.bundle.unit-test";
		};
		E846140E2AAF35A40010E611 /* weather_appUITests */ = {
			isa = PBXNativeTarget;
			buildConfigurationList = E846141F2AAF35A40010E611 /* Build configuration list for PBXNativeTarget "weather_appUITests" */;
			buildPhases = (
				E846140B2AAF35A40010E611 /* Sources */,
				E846140C2AAF35A40010E611 /* Frameworks */,
				E846140D2AAF35A40010E611 /* Resources */,
			);
			buildRules = (
			);
			dependencies = (
				E84614112AAF35A40010E611 /* PBXTargetDependency */,
			);
			name = weather_appUITests;
			productName = weather_appUITests;
			productReference = E846140F2AAF35A40010E611 /* weather_appUITests.xctest */;
			productType = "com.apple.product-type.bundle.ui-testing";
		};
/* End PBXNativeTarget section */

/* Begin PBXProject section */
		E84613ED2AAF35A30010E611 /* Project object */ = {
			isa = PBXProject;
			attributes = {
				BuildIndependentTargetsInParallel = 1;
				LastSwiftUpdateCheck = 1430;
				LastUpgradeCheck = 1430;
				TargetAttributes = {
					E84613F42AAF35A30010E611 = {
						CreatedOnToolsVersion = 14.3.1;
					};
					E84614042AAF35A40010E611 = {
						CreatedOnToolsVersion = 14.3.1;
						TestTargetID = E84613F42AAF35A30010E611;
					};
					E846140E2AAF35A40010E611 = {
						CreatedOnToolsVersion = 14.3.1;
						TestTargetID = E84613F42AAF35A30010E611;
					};
				};
			};
			buildConfigurationList = E84613F02AAF35A30010E611 /* Build configuration list for PBXProject "weather_app" */;
			compatibilityVersion = "Xcode 14.0";
			developmentRegion = en;
			hasScannedForEncodings = 0;
			knownRegions = (
				en,
				Base,
			);
			mainGroup = E84613EC2AAF35A30010E611;
			packageReferences = (
				E8D40C472AB1D96600E9BFA2 /* XCRemoteSwiftPackageReference "BottomSheet" */,
			);
			productRefGroup = E84613F62AAF35A30010E611 /* Products */;
			projectDirPath = "";
			projectRoot = "";
			targets = (
				E84613F42AAF35A30010E611 /* weather_app */,
				E84614042AAF35A40010E611 /* weather_appTests */,
				E846140E2AAF35A40010E611 /* weather_appUITests */,
			);
		};
/* End PBXProject section */

/* Begin PBXResourcesBuildPhase section */
		E84613F32AAF35A30010E611 /* Resources */ = {
			isa = PBXResourcesBuildPhase;
			buildActionMask = 2147483647;
			files = (
				E84614002AAF35A40010E611 /* Preview Assets.xcassets in Resources */,
				E84613FD2AAF35A40010E611 /* Assets.xcassets in Resources */,
			);
			runOnlyForDeploymentPostprocessing = 0;
		};
		E84614032AAF35A40010E611 /* Resources */ = {
			isa = PBXResourcesBuildPhase;
			buildActionMask = 2147483647;
			files = (
			);
			runOnlyForDeploymentPostprocessing = 0;
		};
		E846140D2AAF35A40010E611 /* Resources */ = {
			isa = PBXResourcesBuildPhase;
			buildActionMask = 2147483647;
			files = (
			);
			runOnlyForDeploymentPostprocessing = 0;
		};
/* End PBXResourcesBuildPhase section */

/* Begin PBXSourcesBuildPhase section */
		E84613F12AAF35A30010E611 /* Sources */ = {
			isa = PBXSourcesBuildPhase;
			buildActionMask = 2147483647;
			files = (
				E84613FB2AAF35A30010E611 /* ContentView.swift in Sources */,
				E8D40C502AB284C000E9BFA2 /* SegmentedControl.swift in Sources */,
				E846142D2AAF37490010E611 /* HomeView.swift in Sources */,
				E8D40C4E2AB257C900E9BFA2 /* Blur.swift in Sources */,
				E846142B2AAF36690010E611 /* Extensions.swift in Sources */,
				E84613F92AAF35A30010E611 /* weather_appApp.swift in Sources */,
				E84614302AAFC1F70010E611 /* TabBar.swift in Sources */,
				E8D40C4C2AB2535900E9BFA2 /* ForcastView.swift in Sources */,
				E8D40C432AB08AEC00E9BFA2 /* Shapes.swift in Sources */,
			);
			runOnlyForDeploymentPostprocessing = 0;
		};
		E84614012AAF35A40010E611 /* Sources */ = {
			isa = PBXSourcesBuildPhase;
			buildActionMask = 2147483647;
			files = (
				E846140A2AAF35A40010E611 /* weather_appTests.swift in Sources */,
			);
			runOnlyForDeploymentPostprocessing = 0;
		};
		E846140B2AAF35A40010E611 /* Sources */ = {
			isa = PBXSourcesBuildPhase;
			buildActionMask = 2147483647;
			files = (
				E84614142AAF35A40010E611 /* weather_appUITests.swift in Sources */,
				E84614162AAF35A40010E611 /* weather_appUITestsLaunchTests.swift in Sources */,
			);
			runOnlyForDeploymentPostprocessing = 0;
		};
/* End PBXSourcesBuildPhase section */

/* Begin PBXTargetDependency section */
		E84614072AAF35A40010E611 /* PBXTargetDependency */ = {
			isa = PBXTargetDependency;
			target = E84613F42AAF35A30010E611 /* weather_app */;
			targetProxy = E84614062AAF35A40010E611 /* PBXContainerItemProxy */;
		};
		E84614112AAF35A40010E611 /* PBXTargetDependency */ = {
			isa = PBXTargetDependency;
			target = E84613F42AAF35A30010E611 /* weather_app */;
			targetProxy = E84614102AAF35A40010E611 /* PBXContainerItemProxy */;
		};
/* End PBXTargetDependency section */

/* Begin XCBuildConfiguration section */
		E84614172AAF35A40010E611 /* Debug */ = {
			isa = XCBuildConfiguration;
			buildSettings = {
				ALWAYS_SEARCH_USER_PATHS = NO;
				CLANG_ANALYZER_NONNULL = YES;
				CLANG_ANALYZER_NUMBER_OBJECT_CONVERSION = YES_AGGRESSIVE;
				CLANG_CXX_LANGUAGE_STANDARD = "gnu++20";
				CLANG_ENABLE_MODULES = YES;
				CLANG_ENABLE_OBJC_ARC = YES;
				CLANG_ENABLE_OBJC_WEAK = YES;
				CLANG_WARN_BLOCK_CAPTURE_AUTORELEASING = YES;
				CLANG_WARN_BOOL_CONVERSION = YES;
				CLANG_WARN_COMMA = YES;
				CLANG_WARN_CONSTANT_CONVERSION = YES;
				CLANG_WARN_DEPRECATED_OBJC_IMPLEMENTATIONS = YES;
				CLANG_WARN_DIRECT_OBJC_ISA_USAGE = YES_ERROR;
				CLANG_WARN_DOCUMENTATION_COMMENTS = YES;
				CLANG_WARN_EMPTY_BODY = YES;
				CLANG_WARN_ENUM_CONVERSION = YES;
				CLANG_WARN_INFINITE_RECURSION = YES;
				CLANG_WARN_INT_CONVERSION = YES;
				CLANG_WARN_NON_LITERAL_NULL_CONVERSION = YES;
				CLANG_WARN_OBJC_IMPLICIT_RETAIN_SELF = YES;
				CLANG_WARN_OBJC_LITERAL_CONVERSION = YES;
				CLANG_WARN_OBJC_ROOT_CLASS = YES_ERROR;
				CLANG_WARN_QUOTED_INCLUDE_IN_FRAMEWORK_HEADER = YES;
				CLANG_WARN_RANGE_LOOP_ANALYSIS = YES;
				CLANG_WARN_STRICT_PROTOTYPES = YES;
				CLANG_WARN_SUSPICIOUS_MOVE = YES;
				CLANG_WARN_UNGUARDED_AVAILABILITY = YES_AGGRESSIVE;
				CLANG_WARN_UNREACHABLE_CODE = YES;
				CLANG_WARN__DUPLICATE_METHOD_MATCH = YES;
				COPY_PHASE_STRIP = NO;
				DEBUG_INFORMATION_FORMAT = dwarf;
				ENABLE_STRICT_OBJC_MSGSEND = YES;
				ENABLE_TESTABILITY = YES;
				GCC_C_LANGUAGE_STANDARD = gnu11;
				GCC_DYNAMIC_NO_PIC = NO;
				GCC_NO_COMMON_BLOCKS = YES;
				GCC_OPTIMIZATION_LEVEL = 0;
				GCC_PREPROCESSOR_DEFINITIONS = (
					"DEBUG=1",
					"$(inherited)",
				);
				GCC_WARN_64_TO_32_BIT_CONVERSION = YES;
				GCC_WARN_ABOUT_RETURN_TYPE = YES_ERROR;
				GCC_WARN_UNDECLARED_SELECTOR = YES;
				GCC_WARN_UNINITIALIZED_AUTOS = YES_AGGRESSIVE;
				GCC_WARN_UNUSED_FUNCTION = YES;
				GCC_WARN_UNUSED_VARIABLE = YES;
				IPHONEOS_DEPLOYMENT_TARGET = 16.4;
				MTL_ENABLE_DEBUG_INFO = INCLUDE_SOURCE;
				MTL_FAST_MATH = YES;
				ONLY_ACTIVE_ARCH = YES;
				SDKROOT = iphoneos;
				SWIFT_ACTIVE_COMPILATION_CONDITIONS = DEBUG;
				SWIFT_OPTIMIZATION_LEVEL = "-Onone";
			};
			name = Debug;
		};
		E84614182AAF35A40010E611 /* Release */ = {
			isa = XCBuildConfiguration;
			buildSettings = {
				ALWAYS_SEARCH_USER_PATHS = NO;
				CLANG_ANALYZER_NONNULL = YES;
				CLANG_ANALYZER_NUMBER_OBJECT_CONVERSION = YES_AGGRESSIVE;
				CLANG_CXX_LANGUAGE_STANDARD = "gnu++20";
				CLANG_ENABLE_MODULES = YES;
				CLANG_ENABLE_OBJC_ARC = YES;
				CLANG_ENABLE_OBJC_WEAK = YES;
				CLANG_WARN_BLOCK_CAPTURE_AUTORELEASING = YES;
				CLANG_WARN_BOOL_CONVERSION = YES;
				CLANG_WARN_COMMA = YES;
				CLANG_WARN_CONSTANT_CONVERSION = YES;
				CLANG_WARN_DEPRECATED_OBJC_IMPLEMENTATIONS = YES;
				CLANG_WARN_DIRECT_OBJC_ISA_USAGE = YES_ERROR;
				CLANG_WARN_DOCUMENTATION_COMMENTS = YES;
				CLANG_WARN_EMPTY_BODY = YES;
				CLANG_WARN_ENUM_CONVERSION = YES;
				CLANG_WARN_INFINITE_RECURSION = YES;
				CLANG_WARN_INT_CONVERSION = YES;
				CLANG_WARN_NON_LITERAL_NULL_CONVERSION = YES;
				CLANG_WARN_OBJC_IMPLICIT_RETAIN_SELF = YES;
				CLANG_WARN_OBJC_LITERAL_CONVERSION = YES;
				CLANG_WARN_OBJC_ROOT_CLASS = YES_ERROR;
				CLANG_WARN_QUOTED_INCLUDE_IN_FRAMEWORK_HEADER = YES;
				CLANG_WARN_RANGE_LOOP_ANALYSIS = YES;
				CLANG_WARN_STRICT_PROTOTYPES = YES;
				CLANG_WARN_SUSPICIOUS_MOVE = YES;
				CLANG_WARN_UNGUARDED_AVAILABILITY = YES_AGGRESSIVE;
				CLANG_WARN_UNREACHABLE_CODE = YES;
				CLANG_WARN__DUPLICATE_METHOD_MATCH = YES;
				COPY_PHASE_STRIP = NO;
				DEBUG_INFORMATION_FORMAT = "dwarf-with-dsym";
				ENABLE_NS_ASSERTIONS = NO;
				ENABLE_STRICT_OBJC_MSGSEND = YES;
				GCC_C_LANGUAGE_STANDARD = gnu11;
				GCC_NO_COMMON_BLOCKS = YES;
				GCC_WARN_64_TO_32_BIT_CONVERSION = YES;
				GCC_WARN_ABOUT_RETURN_TYPE = YES_ERROR;
				GCC_WARN_UNDECLARED_SELECTOR = YES;
				GCC_WARN_UNINITIALIZED_AUTOS = YES_AGGRESSIVE;
				GCC_WARN_UNUSED_FUNCTION = YES;
				GCC_WARN_UNUSED_VARIABLE = YES;
				IPHONEOS_DEPLOYMENT_TARGET = 16.4;
				MTL_ENABLE_DEBUG_INFO = NO;
				MTL_FAST_MATH = YES;
				SDKROOT = iphoneos;
				SWIFT_COMPILATION_MODE = wholemodule;
				SWIFT_OPTIMIZATION_LEVEL = "-O";
				VALIDATE_PRODUCT = YES;
			};
			name = Release;
		};
		E846141A2AAF35A40010E611 /* Debug */ = {
			isa = XCBuildConfiguration;
			buildSettings = {
				ASSETCATALOG_COMPILER_APPICON_NAME = AppIcon;
				ASSETCATALOG_COMPILER_GLOBAL_ACCENT_COLOR_NAME = AccentColor;
				CODE_SIGN_STYLE = Automatic;
				CURRENT_PROJECT_VERSION = 1;
				DEVELOPMENT_ASSET_PATHS = "\"weather_app/Preview Content\"";
				ENABLE_PREVIEWS = YES;
				GENERATE_INFOPLIST_FILE = YES;
				INFOPLIST_KEY_UIApplicationSceneManifest_Generation = YES;
				INFOPLIST_KEY_UIApplicationSupportsIndirectInputEvents = YES;
				INFOPLIST_KEY_UILaunchScreen_Generation = YES;
				INFOPLIST_KEY_UISupportedInterfaceOrientations_iPad = "UIInterfaceOrientationPortrait UIInterfaceOrientationPortraitUpsideDown UIInterfaceOrientationLandscapeLeft UIInterfaceOrientationLandscapeRight";
				INFOPLIST_KEY_UISupportedInterfaceOrientations_iPhone = "UIInterfaceOrientationPortrait UIInterfaceOrientationLandscapeLeft UIInterfaceOrientationLandscapeRight";
				LD_RUNPATH_SEARCH_PATHS = (
					"$(inherited)",
					"@executable_path/Frameworks",
				);
				MARKETING_VERSION = 1.0;
				PRODUCT_BUNDLE_IDENTIFIER = "com.mazen.weather-app";
				PRODUCT_NAME = "$(TARGET_NAME)";
				SWIFT_EMIT_LOC_STRINGS = YES;
				SWIFT_VERSION = 5.0;
				TARGETED_DEVICE_FAMILY = "1,2";
			};
			name = Debug;
		};
		E846141B2AAF35A40010E611 /* Release */ = {
			isa = XCBuildConfiguration;
			buildSettings = {
				ASSETCATALOG_COMPILER_APPICON_NAME = AppIcon;
				ASSETCATALOG_COMPILER_GLOBAL_ACCENT_COLOR_NAME = AccentColor;
				CODE_SIGN_STYLE = Automatic;
				CURRENT_PROJECT_VERSION = 1;
				DEVELOPMENT_ASSET_PATHS = "\"weather_app/Preview Content\"";
				ENABLE_PREVIEWS = YES;
				GENERATE_INFOPLIST_FILE = YES;
				INFOPLIST_KEY_UIApplicationSceneManifest_Generation = YES;
				INFOPLIST_KEY_UIApplicationSupportsIndirectInputEvents = YES;
				INFOPLIST_KEY_UILaunchScreen_Generation = YES;
				INFOPLIST_KEY_UISupportedInterfaceOrientations_iPad = "UIInterfaceOrientationPortrait UIInterfaceOrientationPortraitUpsideDown UIInterfaceOrientationLandscapeLeft UIInterfaceOrientationLandscapeRight";
				INFOPLIST_KEY_UISupportedInterfaceOrientations_iPhone = "UIInterfaceOrientationPortrait UIInterfaceOrientationLandscapeLeft UIInterfaceOrientationLandscapeRight";
				LD_RUNPATH_SEARCH_PATHS = (
					"$(inherited)",
					"@executable_path/Frameworks",
				);
				MARKETING_VERSION = 1.0;
				PRODUCT_BUNDLE_IDENTIFIER = "com.mazen.weather-app";
				PRODUCT_NAME = "$(TARGET_NAME)";
				SWIFT_EMIT_LOC_STRINGS = YES;
				SWIFT_VERSION = 5.0;
				TARGETED_DEVICE_FAMILY = "1,2";
			};
			name = Release;
		};
		E846141D2AAF35A40010E611 /* Debug */ = {
			isa = XCBuildConfiguration;
			buildSettings = {
				ALWAYS_EMBED_SWIFT_STANDARD_LIBRARIES = YES;
				BUNDLE_LOADER = "$(TEST_HOST)";
				CODE_SIGN_STYLE = Automatic;
				CURRENT_PROJECT_VERSION = 1;
				GENERATE_INFOPLIST_FILE = YES;
				IPHONEOS_DEPLOYMENT_TARGET = 16.4;
				MARKETING_VERSION = 1.0;
				PRODUCT_BUNDLE_IDENTIFIER = "com.mazen.weather-appTests";
				PRODUCT_NAME = "$(TARGET_NAME)";
				SWIFT_EMIT_LOC_STRINGS = NO;
				SWIFT_VERSION = 5.0;
				TARGETED_DEVICE_FAMILY = "1,2";
				TEST_HOST = "$(BUILT_PRODUCTS_DIR)/weather_app.app/$(BUNDLE_EXECUTABLE_FOLDER_PATH)/weather_app";
			};
			name = Debug;
		};
		E846141E2AAF35A40010E611 /* Release */ = {
			isa = XCBuildConfiguration;
			buildSettings = {
				ALWAYS_EMBED_SWIFT_STANDARD_LIBRARIES = YES;
				BUNDLE_LOADER = "$(TEST_HOST)";
				CODE_SIGN_STYLE = Automatic;
				CURRENT_PROJECT_VERSION = 1;
				GENERATE_INFOPLIST_FILE = YES;
				IPHONEOS_DEPLOYMENT_TARGET = 16.4;
				MARKETING_VERSION = 1.0;
				PRODUCT_BUNDLE_IDENTIFIER = "com.mazen.weather-appTests";
				PRODUCT_NAME = "$(TARGET_NAME)";
				SWIFT_EMIT_LOC_STRINGS = NO;
				SWIFT_VERSION = 5.0;
				TARGETED_DEVICE_FAMILY = "1,2";
				TEST_HOST = "$(BUILT_PRODUCTS_DIR)/weather_app.app/$(BUNDLE_EXECUTABLE_FOLDER_PATH)/weather_app";
			};
			name = Release;
		};
		E84614202AAF35A40010E611 /* Debug */ = {
			isa = XCBuildConfiguration;
			buildSettings = {
				ALWAYS_EMBED_SWIFT_STANDARD_LIBRARIES = YES;
				CODE_SIGN_STYLE = Automatic;
				CURRENT_PROJECT_VERSION = 1;
				GENERATE_INFOPLIST_FILE = YES;
				MARKETING_VERSION = 1.0;
				PRODUCT_BUNDLE_IDENTIFIER = "com.mazen.weather-appUITests";
				PRODUCT_NAME = "$(TARGET_NAME)";
				SWIFT_EMIT_LOC_STRINGS = NO;
				SWIFT_VERSION = 5.0;
				TARGETED_DEVICE_FAMILY = "1,2";
				TEST_TARGET_NAME = weather_app;
			};
			name = Debug;
		};
		E84614212AAF35A40010E611 /* Release */ = {
			isa = XCBuildConfiguration;
			buildSettings = {
				ALWAYS_EMBED_SWIFT_STANDARD_LIBRARIES = YES;
				CODE_SIGN_STYLE = Automatic;
				CURRENT_PROJECT_VERSION = 1;
				GENERATE_INFOPLIST_FILE = YES;
				MARKETING_VERSION = 1.0;
				PRODUCT_BUNDLE_IDENTIFIER = "com.mazen.weather-appUITests";
				PRODUCT_NAME = "$(TARGET_NAME)";
				SWIFT_EMIT_LOC_STRINGS = NO;
				SWIFT_VERSION = 5.0;
				TARGETED_DEVICE_FAMILY = "1,2";
				TEST_TARGET_NAME = weather_app;
			};
			name = Release;
		};
/* End XCBuildConfiguration section */

/* Begin XCConfigurationList section */
		E84613F02AAF35A30010E611 /* Build configuration list for PBXProject "weather_app" */ = {
			isa = XCConfigurationList;
			buildConfigurations = (
				E84614172AAF35A40010E611 /* Debug */,
				E84614182AAF35A40010E611 /* Release */,
			);
			defaultConfigurationIsVisible = 0;
			defaultConfigurationName = Release;
		};
		E84614192AAF35A40010E611 /* Build configuration list for PBXNativeTarget "weather_app" */ = {
			isa = XCConfigurationList;
			buildConfigurations = (
				E846141A2AAF35A40010E611 /* Debug */,
				E846141B2AAF35A40010E611 /* Release */,
			);
			defaultConfigurationIsVisible = 0;
			defaultConfigurationName = Release;
		};
		E846141C2AAF35A40010E611 /* Build configuration list for PBXNativeTarget "weather_appTests" */ = {
			isa = XCConfigurationList;
			buildConfigurations = (
				E846141D2AAF35A40010E611 /* Debug */,
				E846141E2AAF35A40010E611 /* Release */,
			);
			defaultConfigurationIsVisible = 0;
			defaultConfigurationName = Release;
		};
		E846141F2AAF35A40010E611 /* Build configuration list for PBXNativeTarget "weather_appUITests" */ = {
			isa = XCConfigurationList;
			buildConfigurations = (
				E84614202AAF35A40010E611 /* Debug */,
				E84614212AAF35A40010E611 /* Release */,
			);
			defaultConfigurationIsVisible = 0;
			defaultConfigurationName = Release;
		};
/* End XCConfigurationList section */

/* Begin XCRemoteSwiftPackageReference section */
		E8D40C472AB1D96600E9BFA2 /* XCRemoteSwiftPackageReference "BottomSheet" */ = {
			isa = XCRemoteSwiftPackageReference;
			repositoryURL = "https://github.com/Wouter125/BottomSheet";
			requirement = {
				kind = exactVersion;
				version = 1.4.5;
			};
		};
/* End XCRemoteSwiftPackageReference section */

/* Begin XCSwiftPackageProductDependency section */
		E8D40C482AB1D96600E9BFA2 /* BottomSheet */ = {
			isa = XCSwiftPackageProductDependency;
			package = E8D40C472AB1D96600E9BFA2 /* XCRemoteSwiftPackageReference "BottomSheet" */;
			productName = BottomSheet;
		};
/* End XCSwiftPackageProductDependency section */
	};
	rootObject = E84613ED2AAF35A30010E611 /* Project object */;
}
